
Microsoft Visual Studio Solution File, Format Version 12.00
# Visual Studio 15
Project("{FAE04EC0-301F-11D3-BF4B-00C04F79EFBC}") = "Assembly-CSharp", "Assembly-CSharp.csproj", "{D37EE041-0D9D-544B-2A25-BA8CFB9FE5A4}"
EndProject
Project("{FAE04EC0-301F-11D3-BF4B-00C04F79EFBC}") = "Assembly-CSharp-Editor", "Assembly-CSharp-Editor.csproj", "{A677B933-B905-C2BA-9090-887BA69D7008}"
EndProject
Global
	GlobalSection(SolutionConfigurationPlatforms) = preSolution
		Debug|Any CPU = Debug|Any CPU
		Release|Any CPU = Release|Any CPU
	EndGlobalSection
	GlobalSection(ProjectConfigurationPlatforms) = postSolution
		{D37EE041-0D9D-544B-2A25-BA8CFB9FE5A4}.Debug|Any CPU.ActiveCfg = Debug|Any CPU
		{D37EE041-0D9D-544B-2A25-BA8CFB9FE5A4}.Debug|Any CPU.Build.0 = Debug|Any CPU
		{D37EE041-0D9D-544B-2A25-BA8CFB9FE5A4}.Release|Any CPU.ActiveCfg = Release|Any CPU
		{D37EE041-0D9D-544B-2A25-BA8CFB9FE5A4}.Release|Any CPU.Build.0 = Release|Any CPU
		{A677B933-B905-C2BA-9090-887BA69D7008}.Debug|Any CPU.ActiveCfg = Debug|Any CPU
		{A677B933-B905-C2BA-9090-887BA69D7008}.Debug|Any CPU.Build.0 = Debug|Any CPU
		{A677B933-B905-C2BA-9090-887BA69D7008}.Release|Any CPU.ActiveCfg = Release|Any CPU
		{A677B933-B905-C2BA-9090-887BA69D7008}.Release|Any CPU.Build.0 = Release|Any CPU
	EndGlobalSection
	GlobalSection(SolutionProperties) = preSolution
		HideSolutionNode = FALSE
	EndGlobalSection
EndGlobal
